// !$*UTF8*$!
{
	archiveVersion = 1;
	classes = {
	};
	objectVersion = 50;
	objects = {

/* Begin PBXBuildFile section */
		9AD49E3E26EB437000164483 /* AppDelegate.swift in Sources */ = {isa = PBXBuildFile; fileRef = 9AD49E3D26EB437000164483 /* AppDelegate.swift */; };
		9AD49E4026EB437000164483 /* SceneDelegate.swift in Sources */ = {isa = PBXBuildFile; fileRef = 9AD49E3F26EB437000164483 /* SceneDelegate.swift */; };
		9AD49E4226EB437000164483 /* ViewController.swift in Sources */ = {isa = PBXBuildFile; fileRef = 9AD49E4126EB437000164483 /* ViewController.swift */; };
		9AD49E4526EB437000164483 /* Main.storyboard in Resources */ = {isa = PBXBuildFile; fileRef = 9AD49E4326EB437000164483 /* Main.storyboard */; };
		9AD49E4826EB437000164483 /* _2CoreData.xcdatamodeld in Sources */ = {isa = PBXBuildFile; fileRef = 9AD49E4626EB437000164483 /* _2CoreData.xcdatamodeld */; };
		9AD49E4A26EB437200164483 /* Assets.xcassets in Resources */ = {isa = PBXBuildFile; fileRef = 9AD49E4926EB437200164483 /* Assets.xcassets */; };
		9AD49E4D26EB437200164483 /* LaunchScreen.storyboard in Resources */ = {isa = PBXBuildFile; fileRef = 9AD49E4B26EB437200164483 /* LaunchScreen.storyboard */; };
/* End PBXBuildFile section */

/* Begin PBXFileReference section */
		9AD49E3A26EB437000164483 /* 32CoreData.app */ = {isa = PBXFileReference; explicitFileType = wrapper.application; includeInIndex = 0; path = 32CoreData.app; sourceTree = BUILT_PRODUCTS_DIR; };
		9AD49E3D26EB437000164483 /* AppDelegate.swift */ = {isa = PBXFileReference; lastKnownFileType = sourcecode.swift; path = AppDelegate.swift; sourceTree = "<group>"; };
		9AD49E3F26EB437000164483 /* SceneDelegate.swift */ = {isa = PBXFileReference; lastKnownFileType = sourcecode.swift; path = SceneDelegate.swift; sourceTree = "<group>"; };
		9AD49E4126EB437000164483 /* ViewController.swift */ = {isa = PBXFileReference; lastKnownFileType = sourcecode.swift; path = ViewController.swift; sourceTree = "<group>"; };
		9AD49E4426EB437000164483 /* Base */ = {isa = PBXFileReference; lastKnownFileType = file.storyboard; name = Base; path = Base.lproj/Main.storyboard; sourceTree = "<group>"; };
		9AD49E4726EB437000164483 /* _2CoreData.xcdatamodel */ = {isa = PBXFileReference; lastKnownFileType = wrapper.xcdatamodel; path = _2CoreData.xcdatamodel; sourceTree = "<group>"; };
		9AD49E4926EB437200164483 /* Assets.xcassets */ = {isa = PBXFileReference; lastKnownFileType = folder.assetcatalog; path = Assets.xcassets; sourceTree = "<group>"; };
		9AD49E4C26EB437200164483 /* Base */ = {isa = PBXFileReference; lastKnownFileType = file.storyboard; name = Base; path = Base.lproj/LaunchScreen.storyboard; sourceTree = "<group>"; };
		9AD49E4E26EB437200164483 /* Info.plist */ = {isa = PBXFileReference; lastKnownFileType = text.plist.xml; path = Info.plist; sourceTree = "<group>"; };
/* End PBXFileReference section */

/* Begin PBXFrameworksBuildPhase section */
		9AD49E3726EB437000164483 /* Frameworks */ = {
			isa = PBXFrameworksBuildPhase;
			buildActionMask = 2147483647;
			files = (
			);
			runOnlyForDeploymentPostprocessing = 0;
		};
/* End PBXFrameworksBuildPhase section */

/* Begin PBXGroup section */
		9AD49E3126EB437000164483 = {
			isa = PBXGroup;
			children = (
				9AD49E3C26EB437000164483 /* 32CoreData */,
				9AD49E3B26EB437000164483 /* Products */,
			);
			sourceTree = "<group>";
		};
		9AD49E3B26EB437000164483 /* Products */ = {
			isa = PBXGroup;
			children = (
				9AD49E3A26EB437000164483 /* 32CoreData.app */,
			);
			name = Products;
			sourceTree = "<group>";
		};
		9AD49E3C26EB437000164483 /* 32CoreData */ = {
			isa = PBXGroup;
			children = (
				9AD49E3D26EB437000164483 /* AppDelegate.swift */,
				9AD49E3F26EB437000164483 /* SceneDelegate.swift */,
				9AD49E4126EB437000164483 /* ViewController.swift */,
				9AD49E4326EB437000164483 /* Main.storyboard */,
				9AD49E4926EB437200164483 /* Assets.xcassets */,
				9AD49E4B26EB437200164483 /* LaunchScreen.storyboard */,
				9AD49E4E26EB437200164483 /* Info.plist */,
				9AD49E4626EB437000164483 /* _2CoreData.xcdatamodeld */,
			);
			path = 32CoreData;
			sourceTree = "<group>";
		};
/* End PBXGroup section */

/* Begin PBXNativeTarget section */
		9AD49E3926EB437000164483 /* 32CoreData */ = {
			isa = PBXNativeTarget;
			buildConfigurationList = 9AD49E5126EB437200164483 /* Build configuration list for PBXNativeTarget "32CoreData" */;
			buildPhases = (
				9AD49E3626EB437000164483 /* Sources */,
				9AD49E3726EB437000164483 /* Frameworks */,
				9AD49E3826EB437000164483 /* Resources */,
			);
			buildRules = (
			);
			dependencies = (
			);
			name = 32CoreData;
			productName = 32CoreData;
			productReference = 9AD49E3A26EB437000164483 /* 32CoreData.app */;
			productType = "com.apple.product-type.application";
		};
/* End PBXNativeTarget section */

/* Begin PBXProject section */
		9AD49E3226EB437000164483 /* Project object */ = {
			isa = PBXProject;
			attributes = {
				LastSwiftUpdateCheck = 1250;
				LastUpgradeCheck = 1250;
				TargetAttributes = {
					9AD49E3926EB437000164483 = {
						CreatedOnToolsVersion = 12.5.1;
					};
				};
			};
			buildConfigurationList = 9AD49E3526EB437000164483 /* Build configuration list for PBXProject "32CoreData" */;
			compatibilityVersion = "Xcode 9.3";
			developmentRegion = en;
			hasScannedForEncodings = 0;
			knownRegions = (
				en,
				Base,
			);
			mainGroup = 9AD49E3126EB437000164483;
			productRefGroup = 9AD49E3B26EB437000164483 /* Products */;
			projectDirPath = "";
			projectRoot = "";
			targets = (
				9AD49E3926EB437000164483 /* 32CoreData */,
			);
		};
/* End PBXProject section */

/* Begin PBXResourcesBuildPhase section */
		9AD49E3826EB437000164483 /* Resources */ = {
			isa = PBXResourcesBuildPhase;
			buildActionMask = 2147483647;
			files = (
				9AD49E4D26EB437200164483 /* LaunchScreen.storyboard in Resources */,
				9AD49E4A26EB437200164483 /* Assets.xcassets in Resources */,
				9AD49E4526EB437000164483 /* Main.storyboard in Resources */,
			);
			runOnlyForDeploymentPostprocessing = 0;
		};
/* End PBXResourcesBuildPhase section */

/* Begin PBXSourcesBuildPhase section */
		9AD49E3626EB437000164483 /* Sources */ = {
			isa = PBXSourcesBuildPhase;
			buildActionMask = 2147483647;
			files = (
				9AD49E4226EB437000164483 /* ViewController.swift in Sources */,
				9AD49E3E26EB437000164483 /* AppDelegate.swift in Sources */,
				9AD49E4026EB437000164483 /* SceneDelegate.swift in Sources */,
				9AD49E4826EB437000164483 /* _2CoreData.xcdatamodeld in Sources */,
			);
			runOnlyForDeploymentPostprocessing = 0;
		};
/* End PBXSourcesBuildPhase section */

/* Begin PBXVariantGroup section */
		9AD49E4326EB437000164483 /* Main.storyboard */ = {
			isa = PBXVariantGroup;
			children = (
				9AD49E4426EB437000164483 /* Base */,
			);
			name = Main.storyboard;
			sourceTree = "<group>";
		};
		9AD49E4B26EB437200164483 /* LaunchScreen.storyboard */ = {
			isa = PBXVariantGroup;
			children = (
				9AD49E4C26EB437200164483 /* Base */,
			);
			name = LaunchScreen.storyboard;
			sourceTree = "<group>";
		};
/* End PBXVariantGroup section */

/* Begin XCBuildConfiguration section */
		9AD49E4F26EB437200164483 /* Debug */ = {
			isa = XCBuildConfiguration;
			buildSettings = {
				ALWAYS_SEARCH_USER_PATHS = NO;
				CLANG_ANALYZER_NONNULL = YES;
				CLANG_ANALYZER_NUMBER_OBJECT_CONVERSION = YES_AGGRESSIVE;
				CLANG_CXX_LANGUAGE_STANDARD = "gnu++14";
				CLANG_CXX_LIBRARY = "libc++";
				CLANG_ENABLE_MODULES = YES;
				CLANG_ENABLE_OBJC_ARC = YES;
				CLANG_ENABLE_OBJC_WEAK = YES;
				CLANG_WARN_BLOCK_CAPTURE_AUTORELEASING = YES;
				CLANG_WARN_BOOL_CONVERSION = YES;
				CLANG_WARN_COMMA = YES;
				CLANG_WARN_CONSTANT_CONVERSION = YES;
				CLANG_WARN_DEPRECATED_OBJC_IMPLEMENTATIONS = YES;
				CLANG_WARN_DIRECT_OBJC_ISA_USAGE = YES_ERROR;
				CLANG_WARN_DOCUMENTATION_COMMENTS = YES;
				CLANG_WARN_EMPTY_BODY = YES;
				CLANG_WARN_ENUM_CONVERSION = YES;
				CLANG_WARN_INFINITE_RECURSION = YES;
				CLANG_WARN_INT_CONVERSION = YES;
				CLANG_WARN_NON_LITERAL_NULL_CONVERSION = YES;
				CLANG_WARN_OBJC_IMPLICIT_RETAIN_SELF = YES;
				CLANG_WARN_OBJC_LITERAL_CONVERSION = YES;
				CLANG_WARN_OBJC_ROOT_CLASS = YES_ERROR;
				CLANG_WARN_QUOTED_INCLUDE_IN_FRAMEWORK_HEADER = YES;
				CLANG_WARN_RANGE_LOOP_ANALYSIS = YES;
				CLANG_WARN_STRICT_PROTOTYPES = YES;
				CLANG_WARN_SUSPICIOUS_MOVE = YES;
				CLANG_WARN_UNGUARDED_AVAILABILITY = YES_AGGRESSIVE;
				CLANG_WARN_UNREACHABLE_CODE = YES;
				CLANG_WARN__DUPLICATE_METHOD_MATCH = YES;
				COPY_PHASE_STRIP = NO;
				DEBUG_INFORMATION_FORMAT = dwarf;
				ENABLE_STRICT_OBJC_MSGSEND = YES;
				ENABLE_TESTABILITY = YES;
				GCC_C_LANGUAGE_STANDARD = gnu11;
				GCC_DYNAMIC_NO_PIC = NO;
				GCC_NO_COMMON_BLOCKS = YES;
				GCC_OPTIMIZATION_LEVEL = 0;
				GCC_PREPROCESSOR_DEFINITIONS = (
					"DEBUG=1",
					"$(inherited)",
				);
				GCC_WARN_64_TO_32_BIT_CONVERSION = YES;
				GCC_WARN_ABOUT_RETURN_TYPE = YES_ERROR;
				GCC_WARN_UNDECLARED_SELECTOR = YES;
				GCC_WARN_UNINITIALIZED_AUTOS = YES_AGGRESSIVE;
				GCC_WARN_UNUSED_FUNCTION = YES;
				GCC_WARN_UNUSED_VARIABLE = YES;
				IPHONEOS_DEPLOYMENT_TARGET = 14.5;
				MTL_ENABLE_DEBUG_INFO = INCLUDE_SOURCE;
				MTL_FAST_MATH = YES;
				ONLY_ACTIVE_ARCH = YES;
				SDKROOT = iphoneos;
				SWIFT_ACTIVE_COMPILATION_CONDITIONS = DEBUG;
				SWIFT_OPTIMIZATION_LEVEL = "-Onone";
			};
			name = Debug;
		};
		9AD49E5026EB437200164483 /* Release */ = {
			isa = XCBuildConfiguration;
			buildSettings = {
				ALWAYS_SEARCH_USER_PATHS = NO;
				CLANG_ANALYZER_NONNULL = YES;
				CLANG_ANALYZER_NUMBER_OBJECT_CONVERSION = YES_AGGRESSIVE;
				CLANG_CXX_LANGUAGE_STANDARD = "gnu++14";
				CLANG_CXX_LIBRARY = "libc++";
				CLANG_ENABLE_MODULES = YES;
				CLANG_ENABLE_OBJC_ARC = YES;
				CLANG_ENABLE_OBJC_WEAK = YES;
				CLANG_WARN_BLOCK_CAPTURE_AUTORELEASING = YES;
				CLANG_WARN_BOOL_CONVERSION = YES;
				CLANG_WARN_COMMA = YES;
				CLANG_WARN_CONSTANT_CONVERSION = YES;
				CLANG_WARN_DEPRECATED_OBJC_IMPLEMENTATIONS = YES;
				CLANG_WARN_DIRECT_OBJC_ISA_USAGE = YES_ERROR;
				CLANG_WARN_DOCUMENTATION_COMMENTS = YES;
				CLANG_WARN_EMPTY_BODY = YES;
				CLANG_WARN_ENUM_CONVERSION = YES;
				CLANG_WARN_INFINITE_RECURSION = YES;
				CLANG_WARN_INT_CONVERSION = YES;
				CLANG_WARN_NON_LITERAL_NULL_CONVERSION = YES;
				CLANG_WARN_OBJC_IMPLICIT_RETAIN_SELF = YES;
				CLANG_WARN_OBJC_LITERAL_CONVERSION = YES;
				CLANG_WARN_OBJC_ROOT_CLASS = YES_ERROR;
				CLANG_WARN_QUOTED_INCLUDE_IN_FRAMEWORK_HEADER = YES;
				CLANG_WARN_RANGE_LOOP_ANALYSIS = YES;
				CLANG_WARN_STRICT_PROTOTYPES = YES;
				CLANG_WARN_SUSPICIOUS_MOVE = YES;
				CLANG_WARN_UNGUARDED_AVAILABILITY = YES_AGGRESSIVE;
				CLANG_WARN_UNREACHABLE_CODE = YES;
				CLANG_WARN__DUPLICATE_METHOD_MATCH = YES;
				COPY_PHASE_STRIP = NO;
				DEBUG_INFORMATION_FORMAT = "dwarf-with-dsym";
				ENABLE_NS_ASSERTIONS = NO;
				ENABLE_STRICT_OBJC_MSGSEND = YES;
				GCC_C_LANGUAGE_STANDARD = gnu11;
				GCC_NO_COMMON_BLOCKS = YES;
				GCC_WARN_64_TO_32_BIT_CONVERSION = YES;
				GCC_WARN_ABOUT_RETURN_TYPE = YES_ERROR;
				GCC_WARN_UNDECLARED_SELECTOR = YES;
				GCC_WARN_UNINITIALIZED_AUTOS = YES_AGGRESSIVE;
				GCC_WARN_UNUSED_FUNCTION = YES;
				GCC_WARN_UNUSED_VARIABLE = YES;
				IPHONEOS_DEPLOYMENT_TARGET = 14.5;
				MTL_ENABLE_DEBUG_INFO = NO;
				MTL_FAST_MATH = YES;
				SDKROOT = iphoneos;
				SWIFT_COMPILATION_MODE = wholemodule;
				SWIFT_OPTIMIZATION_LEVEL = "-O";
				VALIDATE_PRODUCT = YES;
			};
			name = Release;
		};
		9AD49E5226EB437200164483 /* Debug */ = {
			isa = XCBuildConfiguration;
			buildSettings = {
				ASSETCATALOG_COMPILER_APPICON_NAME = AppIcon;
				ASSETCATALOG_COMPILER_GLOBAL_ACCENT_COLOR_NAME = AccentColor;
				CODE_SIGN_STYLE = Automatic;
				DEVELOPMENT_TEAM = U623XVBMG6;
				INFOPLIST_FILE = 32CoreData/Info.plist;
				LD_RUNPATH_SEARCH_PATHS = (
					"$(inherited)",
					"@executable_path/Frameworks",
				);
				PRODUCT_BUNDLE_IDENTIFIER = "com.beastek.net.-2CoreData";
				PRODUCT_NAME = "$(TARGET_NAME)";
				SWIFT_VERSION = 5.0;
				TARGETED_DEVICE_FAMILY = "1,2";
			};
			name = Debug;
		};
		9AD49E5326EB437200164483 /* Release */ = {
			isa = XCBuildConfiguration;
			buildSettings = {
				ASSETCATALOG_COMPILER_APPICON_NAME = AppIcon;
				ASSETCATALOG_COMPILER_GLOBAL_ACCENT_COLOR_NAME = AccentColor;
				CODE_SIGN_STYLE = Automatic;
				DEVELOPMENT_TEAM = U623XVBMG6;
				INFOPLIST_FILE = 32CoreData/Info.plist;
				LD_RUNPATH_SEARCH_PATHS = (
					"$(inherited)",
					"@executable_path/Frameworks",
				);
				PRODUCT_BUNDLE_IDENTIFIER = "com.beastek.net.-2CoreData";
				PRODUCT_NAME = "$(TARGET_NAME)";
				SWIFT_VERSION = 5.0;
				TARGETED_DEVICE_FAMILY = "1,2";
			};
			name = Release;
		};
/* End XCBuildConfiguration section */

/* Begin XCConfigurationList section */
		9AD49E3526EB437000164483 /* Build configuration list for PBXProject "32CoreData" */ = {
			isa = XCConfigurationList;
			buildConfigurations = (
				9AD49E4F26EB437200164483 /* Debug */,
				9AD49E5026EB437200164483 /* Release */,
			);
			defaultConfigurationIsVisible = 0;
			defaultConfigurationName = Release;
		};
		9AD49E5126EB437200164483 /* Build configuration list for PBXNativeTarget "32CoreData" */ = {
			isa = XCConfigurationList;
			buildConfigurations = (
				9AD49E5226EB437200164483 /* Debug */,
				9AD49E5326EB437200164483 /* Release */,
			);
			defaultConfigurationIsVisible = 0;
			defaultConfigurationName = Release;
		};
/* End XCConfigurationList section */

/* Begin XCVersionGroup section */
		9AD49E4626EB437000164483 /* _2CoreData.xcdatamodeld */ = {
			isa = XCVersionGroup;
			children = (
				9AD49E4726EB437000164483 /* _2CoreData.xcdatamodel */,
			);
			currentVersion = 9AD49E4726EB437000164483 /* _2CoreData.xcdatamodel */;
			path = _2CoreData.xcdatamodeld;
			sourceTree = "<group>";
			versionGroupType = wrapper.xcdatamodel;
		};
/* End XCVersionGroup section */
	};
	rootObject = 9AD49E3226EB437000164483 /* Project object */;
}
